
Microsoft Visual Studio Solution File, Format Version 12.00
# Visual Studio 15
VisualStudioVersion = 15.0.28307.102
MinimumVisualStudioVersion = 10.0.40219.1
Project("{FAE04EC0-301F-11D3-BF4B-00C04F79EFBC}") = "RestFullLocationApi", "RestFullLocationApi\RestFullLocationApi.csproj", "{049C44AF-F7C7-4BC7-A306-A47F5C17A4B2}"
EndProject
Global
	GlobalSection(SolutionConfigurationPlatforms) = preSolution
		Debug|Any CPU = Debug|Any CPU
		Release|Any CPU = Release|Any CPU
	EndGlobalSection
	GlobalSection(ProjectConfigurationPlatforms) = postSolution
		{049C44AF-F7C7-4BC7-A306-A47F5C17A4B2}.Debug|Any CPU.ActiveCfg = Debug|Any CPU
		{049C44AF-F7C7-4BC7-A306-A47F5C17A4B2}.Debug|Any CPU.Build.0 = Debug|Any CPU
		{049C44AF-F7C7-4BC7-A306-A47F5C17A4B2}.Release|Any CPU.ActiveCfg = Release|Any CPU
		{049C44AF-F7C7-4BC7-A306-A47F5C17A4B2}.Release|Any CPU.Build.0 = Release|Any CPU
	EndGlobalSection
	GlobalSection(SolutionProperties) = preSolution
		HideSolutionNode = FALSE
	EndGlobalSection
	GlobalSection(ExtensibilityGlobals) = postSolution
		SolutionGuid = {BBEB9BB5-9218-4AC7-A2DD-9BD19D341C5A}
	EndGlobalSection
EndGlobal
